
Microsoft Visual Studio Solution File, Format Version 12.00
Project("{FAE04EC0-301F-11D3-BF4B-00C04F79EFBC}") = "UiTests.SignIn", "UiTests.SignIn\UiTests.SignIn.csproj", "{53C8FAD2-3E18-4D7F-BEAA-3A75612B4FC0}"
EndProject
Global
	GlobalSection(SolutionConfigurationPlatforms) = preSolution
		Debug|Any CPU = Debug|Any CPU
		Release|Any CPU = Release|Any CPU
	EndGlobalSection
	GlobalSection(ProjectConfigurationPlatforms) = postSolution
		{53C8FAD2-3E18-4D7F-BEAA-3A75612B4FC0}.Debug|Any CPU.ActiveCfg = Debug|Any CPU
		{53C8FAD2-3E18-4D7F-BEAA-3A75612B4FC0}.Debug|Any CPU.Build.0 = Debug|Any CPU
		{53C8FAD2-3E18-4D7F-BEAA-3A75612B4FC0}.Release|Any CPU.ActiveCfg = Release|Any CPU
		{53C8FAD2-3E18-4D7F-BEAA-3A75612B4FC0}.Release|Any CPU.Build.0 = Release|Any CPU
	EndGlobalSection
EndGlobal
